
Microsoft Visual Studio Solution File, Format Version 12.00
# Visual Studio Version 16
VisualStudioVersion = 16.0.31129.286
MinimumVisualStudioVersion = 10.0.40219.1
Project("{9A19103F-16F7-4668-BE54-9A1E7A4F7556}") = "DatabaseDocomentService", "DatabaseDocomentService.csproj", "{09AC2995-5346-4301-BED5-4C8D4895E561}"
EndProject
Global
	GlobalSection(SolutionConfigurationPlatforms) = preSolution
		Debug|Any CPU = Debug|Any CPU
		Release|Any CPU = Release|Any CPU
		test|Any CPU = test|Any CPU
	EndGlobalSection
	GlobalSection(ProjectConfigurationPlatforms) = postSolution
		{09AC2995-5346-4301-BED5-4C8D4895E561}.Debug|Any CPU.ActiveCfg = Debug|Any CPU
		{09AC2995-5346-4301-BED5-4C8D4895E561}.Debug|Any CPU.Build.0 = Debug|Any CPU
		{09AC2995-5346-4301-BED5-4C8D4895E561}.Release|Any CPU.ActiveCfg = Release|Any CPU
		{09AC2995-5346-4301-BED5-4C8D4895E561}.Release|Any CPU.Build.0 = Release|Any CPU
		{09AC2995-5346-4301-BED5-4C8D4895E561}.test|Any CPU.ActiveCfg = test|Any CPU
		{09AC2995-5346-4301-BED5-4C8D4895E561}.test|Any CPU.Build.0 = test|Any CPU
	EndGlobalSection
	GlobalSection(SolutionProperties) = preSolution
		HideSolutionNode = FALSE
	EndGlobalSection
	GlobalSection(ExtensibilityGlobals) = postSolution
		SolutionGuid = {F0D34878-BC78-4157-A07C-CDF5006ECC7F}
	EndGlobalSection
EndGlobal
